
Microsoft Visual Studio Solution File, Format Version 12.00
Project("{FAE04EC0-301F-11D3-BF4B-00C04F79EFBC}") = "SFA.DAS.Assessor.Functions", "SFA.DAS.Assessor.Functions\SFA.DAS.Assessor.Functions.csproj", "{5FBD55C4-057B-4236-91DA-8937EB26D6C8}"
EndProject
Global
	GlobalSection(SolutionConfigurationPlatforms) = preSolution
		Debug|Any CPU = Debug|Any CPU
		Release|Any CPU = Release|Any CPU
	EndGlobalSection
	GlobalSection(ProjectConfigurationPlatforms) = postSolution
		{5FBD55C4-057B-4236-91DA-8937EB26D6C8}.Debug|Any CPU.ActiveCfg = Debug|Any CPU
		{5FBD55C4-057B-4236-91DA-8937EB26D6C8}.Debug|Any CPU.Build.0 = Debug|Any CPU
		{5FBD55C4-057B-4236-91DA-8937EB26D6C8}.Release|Any CPU.ActiveCfg = Release|Any CPU
		{5FBD55C4-057B-4236-91DA-8937EB26D6C8}.Release|Any CPU.Build.0 = Release|Any CPU
		{666B243E-03AE-428C-9405-90F268997A55}.Debug|Any CPU.ActiveCfg = Debug|Any CPU
		{666B243E-03AE-428C-9405-90F268997A55}.Debug|Any CPU.Build.0 = Debug|Any CPU
		{666B243E-03AE-428C-9405-90F268997A55}.Release|Any CPU.ActiveCfg = Release|Any CPU
		{666B243E-03AE-428C-9405-90F268997A55}.Release|Any CPU.Build.0 = Release|Any CPU
	EndGlobalSection
EndGlobal
